
Microsoft Visual Studio Solution File, Format Version 12.00
# Visual Studio 15
VisualStudioVersion = 15.0.28010.2019
MinimumVisualStudioVersion = 10.0.40219.1
Project("{FAE04EC0-301F-11D3-BF4B-00C04F79EFBC}") = "WebApplicationCore", "WebApplicationCore\WebApplicationCore.csproj", "{FD14644A-1BBA-4DD4-B0EF-6FB934943C75}"
EndProject
Global
	GlobalSection(SolutionConfigurationPlatforms) = preSolution
		Debug|Any CPU = Debug|Any CPU
		Release|Any CPU = Release|Any CPU
	EndGlobalSection
	GlobalSection(ProjectConfigurationPlatforms) = postSolution
		{FD14644A-1BBA-4DD4-B0EF-6FB934943C75}.Debug|Any CPU.ActiveCfg = Debug|Any CPU
		{FD14644A-1BBA-4DD4-B0EF-6FB934943C75}.Debug|Any CPU.Build.0 = Debug|Any CPU
		{FD14644A-1BBA-4DD4-B0EF-6FB934943C75}.Release|Any CPU.ActiveCfg = Release|Any CPU
		{FD14644A-1BBA-4DD4-B0EF-6FB934943C75}.Release|Any CPU.Build.0 = Release|Any CPU
	EndGlobalSection
	GlobalSection(SolutionProperties) = preSolution
		HideSolutionNode = FALSE
	EndGlobalSection
	GlobalSection(ExtensibilityGlobals) = postSolution
		SolutionGuid = {B848208E-782F-4128-986D-1C8356FFA49E}
	EndGlobalSection
EndGlobal
